Microsoft Visual Studio Solution File, Format Version 12.00
# Visual Studio Version 17
VisualStudioVersion = 17.0.31903.59
MinimumVisualStudioVersion = 10.0.40219.1
Project("{2150E333-8FDC-42A3-9474-1A3956D46DE8}") = "src", "src", "{827E0CD3-B72D-47B6-A68D-7590B98EB39B}"
EndProject
Project("{FAE04EC0-301F-11D3-BF4B-00C04F79EFBC}") = "ListenBridge.Core", "src\ListenBridge.Core\ListenBridge.Core.csproj", "{0929C0FD-B91A-4BF0-BEF5-BE36E51AF79B}"
EndProject
Project("{FAE04EC0-301F-11D3-BF4B-00C04F79EFBC}") = "ListenBridge.YouTube", "src\ListenBridge.YouTube\ListenBridge.YouTube.csproj", "{B7A0EC9A-B53F-4A2C-9F31-3E7B6C165385}"
EndProject
Project("{FAE04EC0-301F-11D3-BF4B-00C04F79EFBC}") = "ListenBridge.ListenBrainz", "src\ListenBridge.ListenBrainz\ListenBridge.ListenBrainz.csproj", "{10361A1F-0361-4555-97FE-AC7EFE494947}"
EndProject
Project("{FAE04EC0-301F-11D3-BF4B-00C04F79EFBC}") = "ListenBridge.Cli", "src\ListenBridge.Cli\ListenBridge.Cli.csproj", "{38B8101A-8128-40E5-91D1-9D0608152EC0}"
EndProject
Project("{2150E333-8FDC-42A3-9474-1A3956D46DE8}") = "tests", "tests", "{0AB3BF05-4346-4AA6-1389-037BE0695223}"
EndProject
Project("{FAE04EC0-301F-11D3-BF4B-00C04F79EFBC}") = "ListenBridge.Tests", "tests\ListenBridge.Tests\ListenBridge.Tests.csproj", "{6A17308B-0724-4B7C-A175-4D7138F42712}"
EndProject
Project("{FAE04EC0-301F-11D3-BF4B-00C04F79EFBC}") = "ListenBridge.Spotify", "src\ListenBridge.Spotify\ListenBridge.Spotify.csproj", "{35BA67BD-E3A0-4F69-8766-CB1981B1E018}"
EndProject
Global
	GlobalSection(SolutionConfigurationPlatforms) = preSolution
		Debug|Any CPU = Debug|Any CPU
		Debug|x64 = Debug|x64
		Debug|x86 = Debug|x86
		Release|Any CPU = Release|Any CPU
		Release|x64 = Release|x64
		Release|x86 = Release|x86
	EndGlobalSection
	GlobalSection(ProjectConfigurationPlatforms) = postSolution
		{0929C0FD-B91A-4BF0-BEF5-BE36E51AF79B}.Debug|Any CPU.ActiveCfg = Debug|Any CPU
		{0929C0FD-B91A-4BF0-BEF5-BE36E51AF79B}.Debug|Any CPU.Build.0 = Debug|Any CPU
		{0929C0FD-B91A-4BF0-BEF5-BE36E51AF79B}.Debug|x64.ActiveCfg = Debug|Any CPU
		{0929C0FD-B91A-4BF0-BEF5-BE36E51AF79B}.Debug|x64.Build.0 = Debug|Any CPU
		{0929C0FD-B91A-4BF0-BEF5-BE36E51AF79B}.Debug|x86.ActiveCfg = Debug|Any CPU
		{0929C0FD-B91A-4BF0-BEF5-BE36E51AF79B}.Debug|x86.Build.0 = Debug|Any CPU
		{0929C0FD-B91A-4BF0-BEF5-BE36E51AF79B}.Release|Any CPU.ActiveCfg = Release|Any CPU
		{0929C0FD-B91A-4BF0-BEF5-BE36E51AF79B}.Release|Any CPU.Build.0 = Release|Any CPU
		{0929C0FD-B91A-4BF0-BEF5-BE36E51AF79B}.Release|x64.ActiveCfg = Release|Any CPU
		{0929C0FD-B91A-4BF0-BEF5-BE36E51AF79B}.Release|x64.Build.0 = Release|Any CPU
		{0929C0FD-B91A-4BF0-BEF5-BE36E51AF79B}.Release|x86.ActiveCfg = Release|Any CPU
		{0929C0FD-B91A-4BF0-BEF5-BE36E51AF79B}.Release|x86.Build.0 = Release|Any CPU
		{B7A0EC9A-B53F-4A2C-9F31-3E7B6C165385}.Debug|Any CPU.ActiveCfg = Debug|Any CPU
		{B7A0EC9A-B53F-4A2C-9F31-3E7B6C165385}.Debug|Any CPU.Build.0 = Debug|Any CPU
		{B7A0EC9A-B53F-4A2C-9F31-3E7B6C165385}.Debug|x64.ActiveCfg = Debug|Any CPU
		{B7A0EC9A-B53F-4A2C-9F31-3E7B6C165385}.Debug|x64.Build.0 = Debug|Any CPU
		{B7A0EC9A-B53F-4A2C-9F31-3E7B6C165385}.Debug|x86.ActiveCfg = Debug|Any CPU
		{B7A0EC9A-B53F-4A2C-9F31-3E7B6C165385}.Debug|x86.Build.0 = Debug|Any CPU
		{B7A0EC9A-B53F-4A2C-9F31-3E7B6C165385}.Release|Any CPU.ActiveCfg = Release|Any CPU
		{B7A0EC9A-B53F-4A2C-9F31-3E7B6C165385}.Release|Any CPU.Build.0 = Release|Any CPU
		{B7A0EC9A-B53F-4A2C-9F31-3E7B6C165385}.Release|x64.ActiveCfg = Release|Any CPU
		{B7A0EC9A-B53F-4A2C-9F31-3E7B6C165385}.Release|x64.Build.0 = Release|Any CPU
		{B7A0EC9A-B53F-4A2C-9F31-3E7B6C165385}.Release|x86.ActiveCfg = Release|Any CPU
		{B7A0EC9A-B53F-4A2C-9F31-3E7B6C165385}.Release|x86.Build.0 = Release|Any CPU
		{10361A1F-0361-4555-97FE-AC7EFE494947}.Debug|Any CPU.ActiveCfg = Debug|Any CPU
		{10361A1F-0361-4555-97FE-AC7EFE494947}.Debug|Any CPU.Build.0 = Debug|Any CPU
		{10361A1F-0361-4555-97FE-AC7EFE494947}.Debug|x64.ActiveCfg = Debug|Any CPU
		{10361A1F-0361-4555-97FE-AC7EFE494947}.Debug|x64.Build.0 = Debug|Any CPU
		{10361A1F-0361-4555-97FE-AC7EFE494947}.Debug|x86.ActiveCfg = Debug|Any CPU
		{10361A1F-0361-4555-97FE-AC7EFE494947}.Debug|x86.Build.0 = Debug|Any CPU
		{10361A1F-0361-4555-97FE-AC7EFE494947}.Release|Any CPU.ActiveCfg = Release|Any CPU
		{10361A1F-0361-4555-97FE-AC7EFE494947}.Release|Any CPU.Build.0 = Release|Any CPU
		{10361A1F-0361-4555-97FE-AC7EFE494947}.Release|x64.ActiveCfg = Release|Any CPU
		{10361A1F-0361-4555-97FE-AC7EFE494947}.Release|x64.Build.0 = Release|Any CPU
		{10361A1F-0361-4555-97FE-AC7EFE494947}.Release|x86.ActiveCfg = Release|Any CPU
		{10361A1F-0361-4555-97FE-AC7EFE494947}.Release|x86.Build.0 = Release|Any CPU
		{38B8101A-8128-40E5-91D1-9D0608152EC0}.Debug|Any CPU.ActiveCfg = Debug|Any CPU
		{38B8101A-8128-40E5-91D1-9D0608152EC0}.Debug|Any CPU.Build.0 = Debug|Any CPU
		{38B8101A-8128-40E5-91D1-9D0608152EC0}.Debug|x64.ActiveCfg = Debug|Any CPU
		{38B8101A-8128-40E5-91D1-9D0608152EC0}.Debug|x64.Build.0 = Debug|Any CPU
		{38B8101A-8128-40E5-91D1-9D0608152EC0}.Debug|x86.ActiveCfg = Debug|Any CPU
		{38B8101A-8128-40E5-91D1-9D0608152EC0}.Debug|x86.Build.0 = Debug|Any CPU
		{38B8101A-8128-40E5-91D1-9D0608152EC0}.Release|Any CPU.ActiveCfg = Release|Any CPU
		{38B8101A-8128-40E5-91D1-9D0608152EC0}.Release|Any CPU.Build.0 = Release|Any CPU
		{38B8101A-8128-40E5-91D1-9D0608152EC0}.Release|x64.ActiveCfg = Release|Any CPU
		{38B8101A-8128-40E5-91D1-9D0608152EC0}.Release|x64.Build.0 = Release|Any CPU
		{38B8101A-8128-40E5-91D1-9D0608152EC0}.Release|x86.ActiveCfg = Release|Any CPU
		{38B8101A-8128-40E5-91D1-9D0608152EC0}.Release|x86.Build.0 = Release|Any CPU
		{6A17308B-0724-4B7C-A175-4D7138F42712}.Debug|Any CPU.ActiveCfg = Debug|Any CPU
		{6A17308B-0724-4B7C-A175-4D7138F42712}.Debug|Any CPU.Build.0 = Debug|Any CPU
		{6A17308B-0724-4B7C-A175-4D7138F42712}.Debug|x64.ActiveCfg = Debug|Any CPU
		{6A17308B-0724-4B7C-A175-4D7138F42712}.Debug|x64.Build.0 = Debug|Any CPU
		{6A17308B-0724-4B7C-A175-4D7138F42712}.Debug|x86.ActiveCfg = Debug|Any CPU
		{6A17308B-0724-4B7C-A175-4D7138F42712}.Debug|x86.Build.0 = Debug|Any CPU
		{6A17308B-0724-4B7C-A175-4D7138F42712}.Release|Any CPU.ActiveCfg = Release|Any CPU
		{6A17308B-0724-4B7C-A175-4D7138F42712}.Release|Any CPU.Build.0 = Release|Any CPU
		{6A17308B-0724-4B7C-A175-4D7138F42712}.Release|x64.ActiveCfg = Release|Any CPU
		{6A17308B-0724-4B7C-A175-4D7138F42712}.Release|x64.Build.0 = Release|Any CPU
		{6A17308B-0724-4B7C-A175-4D7138F42712}.Release|x86.ActiveCfg = Release|Any CPU
		{6A17308B-0724-4B7C-A175-4D7138F42712}.Release|x86.Build.0 = Release|Any CPU
		{35BA67BD-E3A0-4F69-8766-CB1981B1E018}.Debug|Any CPU.ActiveCfg = Debug|Any CPU
		{35BA67BD-E3A0-4F69-8766-CB1981B1E018}.Debug|Any CPU.Build.0 = Debug|Any CPU
		{35BA67BD-E3A0-4F69-8766-CB1981B1E018}.Debug|x64.ActiveCfg = Debug|Any CPU
		{35BA67BD-E3A0-4F69-8766-CB1981B1E018}.Debug|x64.Build.0 = Debug|Any CPU
		{35BA67BD-E3A0-4F69-8766-CB1981B1E018}.Debug|x86.ActiveCfg = Debug|Any CPU
		{35BA67BD-E3A0-4F69-8766-CB1981B1E018}.Debug|x86.Build.0 = Debug|Any CPU
		{35BA67BD-E3A0-4F69-8766-CB1981B1E018}.Release|Any CPU.ActiveCfg = Release|Any CPU
		{35BA67BD-E3A0-4F69-8766-CB1981B1E018}.Release|Any CPU.Build.0 = Release|Any CPU
		{35BA67BD-E3A0-4F69-8766-CB1981B1E018}.Release|x64.ActiveCfg = Release|Any CPU
		{35BA67BD-E3A0-4F69-8766-CB1981B1E018}.Release|x64.Build.0 = Release|Any CPU
		{35BA67BD-E3A0-4F69-8766-CB1981B1E018}.Release|x86.ActiveCfg = Release|Any CPU
		{35BA67BD-E3A0-4F69-8766-CB1981B1E018}.Release|x86.Build.0 = Release|Any CPU
	EndGlobalSection
	GlobalSection(SolutionProperties) = preSolution
		HideSolutionNode = FALSE
	EndGlobalSection
	GlobalSection(NestedProjects) = preSolution
		{0929C0FD-B91A-4BF0-BEF5-BE36E51AF79B} = {827E0CD3-B72D-47B6-A68D-7590B98EB39B}
		{B7A0EC9A-B53F-4A2C-9F31-3E7B6C165385} = {827E0CD3-B72D-47B6-A68D-7590B98EB39B}
		{10361A1F-0361-4555-97FE-AC7EFE494947} = {827E0CD3-B72D-47B6-A68D-7590B98EB39B}
		{38B8101A-8128-40E5-91D1-9D0608152EC0} = {827E0CD3-B72D-47B6-A68D-7590B98EB39B}
		{6A17308B-0724-4B7C-A175-4D7138F42712} = {0AB3BF05-4346-4AA6-1389-037BE0695223}
		{35BA67BD-E3A0-4F69-8766-CB1981B1E018} = {827E0CD3-B72D-47B6-A68D-7590B98EB39B}
	EndGlobalSection
EndGlobal
